// !$*UTF8*$!
{
	archiveVersion = 1;
	classes = {
	};
	objectVersion = 77;
	objects = {

/* Begin PBXBuildFile section */
		16F675D42D7173F500C2163F /* SnapKit in Frameworks */ = {isa = PBXBuildFile; productRef = 16F675D32D7173F500C2163F /* SnapKit */; };
		16F675D72D71740800C2163F /* Then in Frameworks */ = {isa = PBXBuildFile; productRef = 16F675D62D71740800C2163F /* Then */; };
		16F675DA2D717CDE00C2163F /* SDWebImage in Frameworks */ = {isa = PBXBuildFile; productRef = 16F675D92D717CDE00C2163F /* SDWebImage */; };
		16F675DC2D717CDE00C2163F /* SDWebImageMapKit in Frameworks */ = {isa = PBXBuildFile; productRef = 16F675DB2D717CDE00C2163F /* SDWebImageMapKit */; };
		16F678502D73078200C2163F /* CombineMoya in Frameworks */ = {isa = PBXBuildFile; productRef = 16F6784F2D73078200C2163F /* CombineMoya */; };
		16F678522D73078200C2163F /* Moya in Frameworks */ = {isa = PBXBuildFile; productRef = 16F678512D73078200C2163F /* Moya */; };
/* End PBXBuildFile section */

/* Begin PBXContainerItemProxy section */
		16F675802D70590400C2163F /* PBXContainerItemProxy */ = {
			isa = PBXContainerItemProxy;
			containerPortal = 16F6755E2D70590100C2163F /* Project object */;
			proxyType = 1;
			remoteGlobalIDString = 16F675652D70590100C2163F;
			remoteInfo = "UIKit-Movie";
		};
		16F6758A2D70590400C2163F /* PBXContainerItemProxy */ = {
			isa = PBXContainerItemProxy;
			containerPortal = 16F6755E2D70590100C2163F /* Project object */;
			proxyType = 1;
			remoteGlobalIDString = 16F675652D70590100C2163F;
			remoteInfo = "UIKit-Movie";
		};
/* End PBXContainerItemProxy section */

/* Begin PBXFileReference section */
		16F675662D70590100C2163F /* UIKit-Movie.app */ = {isa = PBXFileReference; explicitFileType = wrapper.application; includeInIndex = 0; path = "UIKit-Movie.app"; sourceTree = BUILT_PRODUCTS_DIR; };
		16F6757F2D70590400C2163F /* UIKit-MovieTests.xctest */ = {isa = PBXFileReference; explicitFileType = wrapper.cfbundle; includeInIndex = 0; path = "UIKit-MovieTests.xctest"; sourceTree = BUILT_PRODUCTS_DIR; };
		16F675892D70590400C2163F /* UIKit-MovieUITests.xctest */ = {isa = PBXFileReference; explicitFileType = wrapper.cfbundle; includeInIndex = 0; path = "UIKit-MovieUITests.xctest"; sourceTree = BUILT_PRODUCTS_DIR; };
/* End PBXFileReference section */

/* Begin PBXFileSystemSynchronizedBuildFileExceptionSet section */
		16F675912D70590400C2163F /* Exceptions for "UIKit-Movie" folder in "UIKit-Movie" target */ = {
			isa = PBXFileSystemSynchronizedBuildFileExceptionSet;
			membershipExceptions = (
				Info.plist,
			);
			target = 16F675652D70590100C2163F /* UIKit-Movie */;
		};
/* End PBXFileSystemSynchronizedBuildFileExceptionSet section */

/* Begin PBXFileSystemSynchronizedRootGroup section */
		16F675682D70590100C2163F /* UIKit-Movie */ = {
			isa = PBXFileSystemSynchronizedRootGroup;
			exceptions = (
				16F675912D70590400C2163F /* Exceptions for "UIKit-Movie" folder in "UIKit-Movie" target */,
			);
			path = "UIKit-Movie";
			sourceTree = "<group>";
		};
		16F675822D70590400C2163F /* UIKit-MovieTests */ = {
			isa = PBXFileSystemSynchronizedRootGroup;
			path = "UIKit-MovieTests";
			sourceTree = "<group>";
		};
		16F6758C2D70590400C2163F /* UIKit-MovieUITests */ = {
			isa = PBXFileSystemSynchronizedRootGroup;
			path = "UIKit-MovieUITests";
			sourceTree = "<group>";
		};
/* End PBXFileSystemSynchronizedRootGroup section */

/* Begin PBXFrameworksBuildPhase section */
		16F675632D70590100C2163F /* Frameworks */ = {
			isa = PBXFrameworksBuildPhase;
			buildActionMask = 2147483647;
			files = (
				16F675DA2D717CDE00C2163F /* SDWebImage in Frameworks */,
				16F675D42D7173F500C2163F /* SnapKit in Frameworks */,
				16F678522D73078200C2163F /* Moya in Frameworks */,
				16F675DC2D717CDE00C2163F /* SDWebImageMapKit in Frameworks */,
				16F678502D73078200C2163F /* CombineMoya in Frameworks */,
				16F675D72D71740800C2163F /* Then in Frameworks */,
			);
			runOnlyForDeploymentPostprocessing = 0;
		};
		16F6757C2D70590400C2163F /* Frameworks */ = {
			isa = PBXFrameworksBuildPhase;
			buildActionMask = 2147483647;
			files = (
			);
			runOnlyForDeploymentPostprocessing = 0;
		};
		16F675862D70590400C2163F /* Frameworks */ = {
			isa = PBXFrameworksBuildPhase;
			buildActionMask = 2147483647;
			files = (
			);
			runOnlyForDeploymentPostprocessing = 0;
		};
/* End PBXFrameworksBuildPhase section */

/* Begin PBXGroup section */
		16F6755D2D70590100C2163F = {
			isa = PBXGroup;
			children = (
				16F675682D70590100C2163F /* UIKit-Movie */,
				16F675822D70590400C2163F /* UIKit-MovieTests */,
				16F6758C2D70590400C2163F /* UIKit-MovieUITests */,
				16F675672D70590100C2163F /* Products */,
			);
			sourceTree = "<group>";
		};
		16F675672D70590100C2163F /* Products */ = {
			isa = PBXGroup;
			children = (
				16F675662D70590100C2163F /* UIKit-Movie.app */,
				16F6757F2D70590400C2163F /* UIKit-MovieTests.xctest */,
				16F675892D70590400C2163F /* UIKit-MovieUITests.xctest */,
			);
			name = Products;
			sourceTree = "<group>";
		};
/* End PBXGroup section */

/* Begin PBXNativeTarget section */
		16F675652D70590100C2163F /* UIKit-Movie */ = {
			isa = PBXNativeTarget;
			buildConfigurationList = 16F675922D70590400C2163F /* Build configuration list for PBXNativeTarget "UIKit-Movie" */;
			buildPhases = (
				16F675622D70590100C2163F /* Sources */,
				16F675632D70590100C2163F /* Frameworks */,
				16F675642D70590100C2163F /* Resources */,
			);
			buildRules = (
			);
			dependencies = (
			);
			fileSystemSynchronizedGroups = (
				16F675682D70590100C2163F /* UIKit-Movie */,
			);
			name = "UIKit-Movie";
			packageProductDependencies = (
				16F675D32D7173F500C2163F /* SnapKit */,
				16F675D62D71740800C2163F /* Then */,
				16F675D92D717CDE00C2163F /* SDWebImage */,
				16F675DB2D717CDE00C2163F /* SDWebImageMapKit */,
				16F6784F2D73078200C2163F /* CombineMoya */,
				16F678512D73078200C2163F /* Moya */,
			);
			productName = "UIKit-Movie";
			productReference = 16F675662D70590100C2163F /* UIKit-Movie.app */;
			productType = "com.apple.product-type.application";
		};
		16F6757E2D70590400C2163F /* UIKit-MovieTests */ = {
			isa = PBXNativeTarget;
			buildConfigurationList = 16F675972D70590400C2163F /* Build configuration list for PBXNativeTarget "UIKit-MovieTests" */;
			buildPhases = (
				16F6757B2D70590400C2163F /* Sources */,
				16F6757C2D70590400C2163F /* Frameworks */,
				16F6757D2D70590400C2163F /* Resources */,
			);
			buildRules = (
			);
			dependencies = (
				16F675812D70590400C2163F /* PBXTargetDependency */,
			);
			fileSystemSynchronizedGroups = (
				16F675822D70590400C2163F /* UIKit-MovieTests */,
			);
			name = "UIKit-MovieTests";
			packageProductDependencies = (
			);
			productName = "UIKit-MovieTests";
			productReference = 16F6757F2D70590400C2163F /* UIKit-MovieTests.xctest */;
			productType = "com.apple.product-type.bundle.unit-test";
		};
		16F675882D70590400C2163F /* UIKit-MovieUITests */ = {
			isa = PBXNativeTarget;
			buildConfigurationList = 16F6759A2D70590400C2163F /* Build configuration list for PBXNativeTarget "UIKit-MovieUITests" */;
			buildPhases = (
				16F675852D70590400C2163F /* Sources */,
				16F675862D70590400C2163F /* Frameworks */,
				16F675872D70590400C2163F /* Resources */,
			);
			buildRules = (
			);
			dependencies = (
				16F6758B2D70590400C2163F /* PBXTargetDependency */,
			);
			fileSystemSynchronizedGroups = (
				16F6758C2D70590400C2163F /* UIKit-MovieUITests */,
			);
			name = "UIKit-MovieUITests";
			packageProductDependencies = (
			);
			productName = "UIKit-MovieUITests";
			productReference = 16F675892D70590400C2163F /* UIKit-MovieUITests.xctest */;
			productType = "com.apple.product-type.bundle.ui-testing";
		};
/* End PBXNativeTarget section */

/* Begin PBXProject section */
		16F6755E2D70590100C2163F /* Project object */ = {
			isa = PBXProject;
			attributes = {
				BuildIndependentTargetsInParallel = 1;
				LastSwiftUpdateCheck = 1620;
				LastUpgradeCheck = 1620;
				TargetAttributes = {
					16F675652D70590100C2163F = {
						CreatedOnToolsVersion = 16.2;
					};
					16F6757E2D70590400C2163F = {
						CreatedOnToolsVersion = 16.2;
						TestTargetID = 16F675652D70590100C2163F;
					};
					16F675882D70590400C2163F = {
						CreatedOnToolsVersion = 16.2;
						TestTargetID = 16F675652D70590100C2163F;
					};
				};
			};
			buildConfigurationList = 16F675612D70590100C2163F /* Build configuration list for PBXProject "UIKit-Movie" */;
			developmentRegion = en;
			hasScannedForEncodings = 0;
			knownRegions = (
				en,
				Base,
			);
			mainGroup = 16F6755D2D70590100C2163F;
			minimizedProjectReferenceProxies = 1;
			packageReferences = (
				16F675D22D7173F500C2163F /* XCRemoteSwiftPackageReference "SnapKit" */,
				16F675D52D71740800C2163F /* XCRemoteSwiftPackageReference "Then" */,
				16F675D82D717CDE00C2163F /* XCRemoteSwiftPackageReference "SDWebImage" */,
				16F6784E2D73078200C2163F /* XCRemoteSwiftPackageReference "Moya" */,
			);
			preferredProjectObjectVersion = 77;
			productRefGroup = 16F675672D70590100C2163F /* Products */;
			projectDirPath = "";
			projectRoot = "";
			targets = (
				16F675652D70590100C2163F /* UIKit-Movie */,
				16F6757E2D70590400C2163F /* UIKit-MovieTests */,
				16F675882D70590400C2163F /* UIKit-MovieUITests */,
			);
		};
/* End PBXProject section */

/* Begin PBXResourcesBuildPhase section */
		16F675642D70590100C2163F /* Resources */ = {
			isa = PBXResourcesBuildPhase;
			buildActionMask = 2147483647;
			files = (
			);
			runOnlyForDeploymentPostprocessing = 0;
		};
		16F6757D2D70590400C2163F /* Resources */ = {
			isa = PBXResourcesBuildPhase;
			buildActionMask = 2147483647;
			files = (
			);
			runOnlyForDeploymentPostprocessing = 0;
		};
		16F675872D70590400C2163F /* Resources */ = {
			isa = PBXResourcesBuildPhase;
			buildActionMask = 2147483647;
			files = (
			);
			runOnlyForDeploymentPostprocessing = 0;
		};
/* End PBXResourcesBuildPhase section */

/* Begin PBXSourcesBuildPhase section */
		16F675622D70590100C2163F /* Sources */ = {
			isa = PBXSourcesBuildPhase;
			buildActionMask = 2147483647;
			files = (
			);
			runOnlyForDeploymentPostprocessing = 0;
		};
		16F6757B2D70590400C2163F /* Sources */ = {
			isa = PBXSourcesBuildPhase;
			buildActionMask = 2147483647;
			files = (
			);
			runOnlyForDeploymentPostprocessing = 0;
		};
		16F675852D70590400C2163F /* Sources */ = {
			isa = PBXSourcesBuildPhase;
			buildActionMask = 2147483647;
			files = (
			);
			runOnlyForDeploymentPostprocessing = 0;
		};
/* End PBXSourcesBuildPhase section */

/* Begin PBXTargetDependency section */
		16F675812D70590400C2163F /* PBXTargetDependency */ = {
			isa = PBXTargetDependency;
			target = 16F675652D70590100C2163F /* UIKit-Movie */;
			targetProxy = 16F675802D70590400C2163F /* PBXContainerItemProxy */;
		};
		16F6758B2D70590400C2163F /* PBXTargetDependency */ = {
			isa = PBXTargetDependency;
			target = 16F675652D70590100C2163F /* UIKit-Movie */;
			targetProxy = 16F6758A2D70590400C2163F /* PBXContainerItemProxy */;
		};
/* End PBXTargetDependency section */

/* Begin XCBuildConfiguration section */
		16F675932D70590400C2163F /* Debug */ = {
			isa = XCBuildConfiguration;
			buildSettings = {
				ASSETCATALOG_COMPILER_APPICON_NAME = AppIcon;
				ASSETCATALOG_COMPILER_GLOBAL_ACCENT_COLOR_NAME = AccentColor;
				CODE_SIGN_STYLE = Automatic;
				CURRENT_PROJECT_VERSION = 1;
				DEVELOPMENT_TEAM = 83K577A944;
				GENERATE_INFOPLIST_FILE = YES;
				INFOPLIST_FILE = "UIKit-Movie/Info.plist";
				INFOPLIST_KEY_UIApplicationSupportsIndirectInputEvents = YES;
				INFOPLIST_KEY_UILaunchStoryboardName = LaunchScreen;
				INFOPLIST_KEY_UISupportedInterfaceOrientations_iPad = "UIInterfaceOrientationPortrait UIInterfaceOrientationPortraitUpsideDown UIInterfaceOrientationLandscapeLeft UIInterfaceOrientationLandscapeRight";
				INFOPLIST_KEY_UISupportedInterfaceOrientations_iPhone = "UIInterfaceOrientationPortrait UIInterfaceOrientationLandscapeLeft UIInterfaceOrientationLandscapeRight";
				LD_RUNPATH_SEARCH_PATHS = (
					"$(inherited)",
					"@executable_path/Frameworks",
				);
				MARKETING_VERSION = 1.0;
				PRODUCT_BUNDLE_IDENTIFIER = "com.doyeonkim.UIKit-Movie";
				PRODUCT_NAME = "$(TARGET_NAME)";
				SWIFT_EMIT_LOC_STRINGS = YES;
				SWIFT_VERSION = 5.0;
				TARGETED_DEVICE_FAMILY = "1,2";
			};
			name = Debug;
		};
		16F675942D70590400C2163F /* Release */ = {
			isa = XCBuildConfiguration;
			buildSettings = {
				ASSETCATALOG_COMPILER_APPICON_NAME = AppIcon;
				ASSETCATALOG_COMPILER_GLOBAL_ACCENT_COLOR_NAME = AccentColor;
				CODE_SIGN_STYLE = Automatic;
				CURRENT_PROJECT_VERSION = 1;
				DEVELOPMENT_TEAM = 83K577A944;
				GENERATE_INFOPLIST_FILE = YES;
				INFOPLIST_FILE = "UIKit-Movie/Info.plist";
				INFOPLIST_KEY_UIApplicationSupportsIndirectInputEvents = YES;
				INFOPLIST_KEY_UILaunchStoryboardName = LaunchScreen;
				INFOPLIST_KEY_UISupportedInterfaceOrientations_iPad = "UIInterfaceOrientationPortrait UIInterfaceOrientationPortraitUpsideDown UIInterfaceOrientationLandscapeLeft UIInterfaceOrientationLandscapeRight";
				INFOPLIST_KEY_UISupportedInterfaceOrientations_iPhone = "UIInterfaceOrientationPortrait UIInterfaceOrientationLandscapeLeft UIInterfaceOrientationLandscapeRight";
				LD_RUNPATH_SEARCH_PATHS = (
					"$(inherited)",
					"@executable_path/Frameworks",
				);
				MARKETING_VERSION = 1.0;
				PRODUCT_BUNDLE_IDENTIFIER = "com.doyeonkim.UIKit-Movie";
				PRODUCT_NAME = "$(TARGET_NAME)";
				SWIFT_EMIT_LOC_STRINGS = YES;
				SWIFT_VERSION = 5.0;
				TARGETED_DEVICE_FAMILY = "1,2";
			};
			name = Release;
		};
		16F675952D70590400C2163F /* Debug */ = {
			isa = XCBuildConfiguration;
			buildSettings = {
				ALWAYS_SEARCH_USER_PATHS = NO;
				ASSETCATALOG_COMPILER_GENERATE_SWIFT_ASSET_SYMBOL_EXTENSIONS = YES;
				CLANG_ANALYZER_NONNULL = YES;
				CLANG_ANALYZER_NUMBER_OBJECT_CONVERSION = YES_AGGRESSIVE;
				CLANG_CXX_LANGUAGE_STANDARD = "gnu++20";
				CLANG_ENABLE_MODULES = YES;
				CLANG_ENABLE_OBJC_ARC = YES;
				CLANG_ENABLE_OBJC_WEAK = YES;
				CLANG_WARN_BLOCK_CAPTURE_AUTORELEASING = YES;
				CLANG_WARN_BOOL_CONVERSION = YES;
				CLANG_WARN_COMMA = YES;
				CLANG_WARN_CONSTANT_CONVERSION = YES;
				CLANG_WARN_DEPRECATED_OBJC_IMPLEMENTATIONS = YES;
				CLANG_WARN_DIRECT_OBJC_ISA_USAGE = YES_ERROR;
				CLANG_WARN_DOCUMENTATION_COMMENTS = YES;
				CLANG_WARN_EMPTY_BODY = YES;
				CLANG_WARN_ENUM_CONVERSION = YES;
				CLANG_WARN_INFINITE_RECURSION = YES;
				CLANG_WARN_INT_CONVERSION = YES;
				CLANG_WARN_NON_LITERAL_NULL_CONVERSION = YES;
				CLANG_WARN_OBJC_IMPLICIT_RETAIN_SELF = YES;
				CLANG_WARN_OBJC_LITERAL_CONVERSION = YES;
				CLANG_WARN_OBJC_ROOT_CLASS = YES_ERROR;
				CLANG_WARN_QUOTED_INCLUDE_IN_FRAMEWORK_HEADER = YES;
				CLANG_WARN_RANGE_LOOP_ANALYSIS = YES;
				CLANG_WARN_STRICT_PROTOTYPES = YES;
				CLANG_WARN_SUSPICIOUS_MOVE = YES;
				CLANG_WARN_UNGUARDED_AVAILABILITY = YES_AGGRESSIVE;
				CLANG_WARN_UNREACHABLE_CODE = YES;
				CLANG_WARN__DUPLICATE_METHOD_MATCH = YES;
				COPY_PHASE_STRIP = NO;
				DEBUG_INFORMATION_FORMAT = dwarf;
				ENABLE_STRICT_OBJC_MSGSEND = YES;
				ENABLE_TESTABILITY = YES;
				ENABLE_USER_SCRIPT_SANDBOXING = YES;
				GCC_C_LANGUAGE_STANDARD = gnu17;
				GCC_DYNAMIC_NO_PIC = NO;
				GCC_NO_COMMON_BLOCKS = YES;
				GCC_OPTIMIZATION_LEVEL = 0;
				GCC_PREPROCESSOR_DEFINITIONS = (
					"DEBUG=1",
					"$(inherited)",
				);
				GCC_WARN_64_TO_32_BIT_CONVERSION = YES;
				GCC_WARN_ABOUT_RETURN_TYPE = YES_ERROR;
				GCC_WARN_UNDECLARED_SELECTOR = YES;
				GCC_WARN_UNINITIALIZED_AUTOS = YES_AGGRESSIVE;
				GCC_WARN_UNUSED_FUNCTION = YES;
				GCC_WARN_UNUSED_VARIABLE = YES;
				IPHONEOS_DEPLOYMENT_TARGET = 18.2;
				LOCALIZATION_PREFERS_STRING_CATALOGS = YES;
				MTL_ENABLE_DEBUG_INFO = INCLUDE_SOURCE;
				MTL_FAST_MATH = YES;
				ONLY_ACTIVE_ARCH = YES;
				SDKROOT = iphoneos;
				SWIFT_ACTIVE_COMPILATION_CONDITIONS = "DEBUG $(inherited)";
				SWIFT_OPTIMIZATION_LEVEL = "-Onone";
			};
			name = Debug;
		};
		16F675962D70590400C2163F /* Release */ = {
			isa = XCBuildConfiguration;
			buildSettings = {
				ALWAYS_SEARCH_USER_PATHS = NO;
				ASSETCATALOG_COMPILER_GENERATE_SWIFT_ASSET_SYMBOL_EXTENSIONS = YES;
				CLANG_ANALYZER_NONNULL = YES;
				CLANG_ANALYZER_NUMBER_OBJECT_CONVERSION = YES_AGGRESSIVE;
				CLANG_CXX_LANGUAGE_STANDARD = "gnu++20";
				CLANG_ENABLE_MODULES = YES;
				CLANG_ENABLE_OBJC_ARC = YES;
				CLANG_ENABLE_OBJC_WEAK = YES;
				CLANG_WARN_BLOCK_CAPTURE_AUTORELEASING = YES;
				CLANG_WARN_BOOL_CONVERSION = YES;
				CLANG_WARN_COMMA = YES;
				CLANG_WARN_CONSTANT_CONVERSION = YES;
				CLANG_WARN_DEPRECATED_OBJC_IMPLEMENTATIONS = YES;
				CLANG_WARN_DIRECT_OBJC_ISA_USAGE = YES_ERROR;
				CLANG_WARN_DOCUMENTATION_COMMENTS = YES;
				CLANG_WARN_EMPTY_BODY = YES;
				CLANG_WARN_ENUM_CONVERSION = YES;
				CLANG_WARN_INFINITE_RECURSION = YES;
				CLANG_WARN_INT_CONVERSION = YES;
				CLANG_WARN_NON_LITERAL_NULL_CONVERSION = YES;
				CLANG_WARN_OBJC_IMPLICIT_RETAIN_SELF = YES;
				CLANG_WARN_OBJC_LITERAL_CONVERSION = YES;
				CLANG_WARN_OBJC_ROOT_CLASS = YES_ERROR;
				CLANG_WARN_QUOTED_INCLUDE_IN_FRAMEWORK_HEADER = YES;
				CLANG_WARN_RANGE_LOOP_ANALYSIS = YES;
				CLANG_WARN_STRICT_PROTOTYPES = YES;
				CLANG_WARN_SUSPICIOUS_MOVE = YES;
				CLANG_WARN_UNGUARDED_AVAILABILITY = YES_AGGRESSIVE;
				CLANG_WARN_UNREACHABLE_CODE = YES;
				CLANG_WARN__DUPLICATE_METHOD_MATCH = YES;
				COPY_PHASE_STRIP = NO;
				DEBUG_INFORMATION_FORMAT = "dwarf-with-dsym";
				ENABLE_NS_ASSERTIONS = NO;
				ENABLE_STRICT_OBJC_MSGSEND = YES;
				ENABLE_USER_SCRIPT_SANDBOXING = YES;
				GCC_C_LANGUAGE_STANDARD = gnu17;
				GCC_NO_COMMON_BLOCKS = YES;
				GCC_WARN_64_TO_32_BIT_CONVERSION = YES;
				GCC_WARN_ABOUT_RETURN_TYPE = YES_ERROR;
				GCC_WARN_UNDECLARED_SELECTOR = YES;
				GCC_WARN_UNINITIALIZED_AUTOS = YES_AGGRESSIVE;
				GCC_WARN_UNUSED_FUNCTION = YES;
				GCC_WARN_UNUSED_VARIABLE = YES;
				IPHONEOS_DEPLOYMENT_TARGET = 18.2;
				LOCALIZATION_PREFERS_STRING_CATALOGS = YES;
				MTL_ENABLE_DEBUG_INFO = NO;
				MTL_FAST_MATH = YES;
				SDKROOT = iphoneos;
				SWIFT_COMPILATION_MODE = wholemodule;
				VALIDATE_PRODUCT = YES;
			};
			name = Release;
		};
		16F675982D70590400C2163F /* Debug */ = {
			isa = XCBuildConfiguration;
			buildSettings = {
				BUNDLE_LOADER = "$(TEST_HOST)";
				CODE_SIGN_STYLE = Automatic;
				CURRENT_PROJECT_VERSION = 1;
				DEVELOPMENT_TEAM = 83K577A944;
				GENERATE_INFOPLIST_FILE = YES;
				IPHONEOS_DEPLOYMENT_TARGET = 18.2;
				MARKETING_VERSION = 1.0;
				PRODUCT_BUNDLE_IDENTIFIER = "com.doyeonkim.UIKit-MovieTests";
				PRODUCT_NAME = "$(TARGET_NAME)";
				SWIFT_EMIT_LOC_STRINGS = NO;
				SWIFT_VERSION = 5.0;
				TARGETED_DEVICE_FAMILY = "1,2";
				TEST_HOST = "$(BUILT_PRODUCTS_DIR)/UIKit-Movie.app/$(BUNDLE_EXECUTABLE_FOLDER_PATH)/UIKit-Movie";
			};
			name = Debug;
		};
		16F675992D70590400C2163F /* Release */ = {
			isa = XCBuildConfiguration;
			buildSettings = {
				BUNDLE_LOADER = "$(TEST_HOST)";
				CODE_SIGN_STYLE = Automatic;
				CURRENT_PROJECT_VERSION = 1;
				DEVELOPMENT_TEAM = 83K577A944;
				GENERATE_INFOPLIST_FILE = YES;
				IPHONEOS_DEPLOYMENT_TARGET = 18.2;
				MARKETING_VERSION = 1.0;
				PRODUCT_BUNDLE_IDENTIFIER = "com.doyeonkim.UIKit-MovieTests";
				PRODUCT_NAME = "$(TARGET_NAME)";
				SWIFT_EMIT_LOC_STRINGS = NO;
				SWIFT_VERSION = 5.0;
				TARGETED_DEVICE_FAMILY = "1,2";
				TEST_HOST = "$(BUILT_PRODUCTS_DIR)/UIKit-Movie.app/$(BUNDLE_EXECUTABLE_FOLDER_PATH)/UIKit-Movie";
			};
			name = Release;
		};
		16F6759B2D70590400C2163F /* Debug */ = {
			isa = XCBuildConfiguration;
			buildSettings = {
				CODE_SIGN_STYLE = Automatic;
				CURRENT_PROJECT_VERSION = 1;
				DEVELOPMENT_TEAM = 83K577A944;
				GENERATE_INFOPLIST_FILE = YES;
				MARKETING_VERSION = 1.0;
				PRODUCT_BUNDLE_IDENTIFIER = "com.doyeonkim.UIKit-MovieUITests";
				PRODUCT_NAME = "$(TARGET_NAME)";
				SWIFT_EMIT_LOC_STRINGS = NO;
				SWIFT_VERSION = 5.0;
				TARGETED_DEVICE_FAMILY = "1,2";
				TEST_TARGET_NAME = "UIKit-Movie";
			};
			name = Debug;
		};
		16F6759C2D70590400C2163F /* Release */ = {
			isa = XCBuildConfiguration;
			buildSettings = {
				CODE_SIGN_STYLE = Automatic;
				CURRENT_PROJECT_VERSION = 1;
				DEVELOPMENT_TEAM = 83K577A944;
				GENERATE_INFOPLIST_FILE = YES;
				MARKETING_VERSION = 1.0;
				PRODUCT_BUNDLE_IDENTIFIER = "com.doyeonkim.UIKit-MovieUITests";
				PRODUCT_NAME = "$(TARGET_NAME)";
				SWIFT_EMIT_LOC_STRINGS = NO;
				SWIFT_VERSION = 5.0;
				TARGETED_DEVICE_FAMILY = "1,2";
				TEST_TARGET_NAME = "UIKit-Movie";
			};
			name = Release;
		};
/* End XCBuildConfiguration section */

/* Begin XCConfigurationList section */
		16F675612D70590100C2163F /* Build configuration list for PBXProject "UIKit-Movie" */ = {
			isa = XCConfigurationList;
			buildConfigurations = (
				16F675952D70590400C2163F /* Debug */,
				16F675962D70590400C2163F /* Release */,
			);
			defaultConfigurationIsVisible = 0;
			defaultConfigurationName = Release;
		};
		16F675922D70590400C2163F /* Build configuration list for PBXNativeTarget "UIKit-Movie" */ = {
			isa = XCConfigurationList;
			buildConfigurations = (
				16F675932D70590400C2163F /* Debug */,
				16F675942D70590400C2163F /* Release */,
			);
			defaultConfigurationIsVisible = 0;
			defaultConfigurationName = Release;
		};
		16F675972D70590400C2163F /* Build configuration list for PBXNativeTarget "UIKit-MovieTests" */ = {
			isa = XCConfigurationList;
			buildConfigurations = (
				16F675982D70590400C2163F /* Debug */,
				16F675992D70590400C2163F /* Release */,
			);
			defaultConfigurationIsVisible = 0;
			defaultConfigurationName = Release;
		};
		16F6759A2D70590400C2163F /* Build configuration list for PBXNativeTarget "UIKit-MovieUITests" */ = {
			isa = XCConfigurationList;
			buildConfigurations = (
				16F6759B2D70590400C2163F /* Debug */,
				16F6759C2D70590400C2163F /* Release */,
			);
			defaultConfigurationIsVisible = 0;
			defaultConfigurationName = Release;
		};
/* End XCConfigurationList section */

/* Begin XCRemoteSwiftPackageReference section */
		16F675D22D7173F500C2163F /* XCRemoteSwiftPackageReference "SnapKit" */ = {
			isa = XCRemoteSwiftPackageReference;
			repositoryURL = "https://github.com/SnapKit/SnapKit";
			requirement = {
				kind = upToNextMajorVersion;
				minimumVersion = 5.7.1;
			};
		};
		16F675D52D71740800C2163F /* XCRemoteSwiftPackageReference "Then" */ = {
			isa = XCRemoteSwiftPackageReference;
			repositoryURL = "https://github.com/devxoul/Then";
			requirement = {
				kind = upToNextMajorVersion;
				minimumVersion = 3.0.0;
			};
		};
		16F675D82D717CDE00C2163F /* XCRemoteSwiftPackageReference "SDWebImage" */ = {
			isa = XCRemoteSwiftPackageReference;
			repositoryURL = "https://github.com/SDWebImage/SDWebImage.git";
			requirement = {
				kind = upToNextMajorVersion;
				minimumVersion = 5.21.0;
			};
		};
		16F6784E2D73078200C2163F /* XCRemoteSwiftPackageReference "Moya" */ = {
			isa = XCRemoteSwiftPackageReference;
			repositoryURL = "https://github.com/Moya/Moya.git";
			requirement = {
				kind = upToNextMajorVersion;
				minimumVersion = 15.0.3;
			};
		};
/* End XCRemoteSwiftPackageReference section */

/* Begin XCSwiftPackageProductDependency section */
		16F675D32D7173F500C2163F /* SnapKit */ = {
			isa = XCSwiftPackageProductDependency;
			package = 16F675D22D7173F500C2163F /* XCRemoteSwiftPackageReference "SnapKit" */;
			productName = SnapKit;
		};
		16F675D62D71740800C2163F /* Then */ = {
			isa = XCSwiftPackageProductDependency;
			package = 16F675D52D71740800C2163F /* XCRemoteSwiftPackageReference "Then" */;
			productName = Then;
		};
		16F675D92D717CDE00C2163F /* SDWebImage */ = {
			isa = XCSwiftPackageProductDependency;
			package = 16F675D82D717CDE00C2163F /* XCRemoteSwiftPackageReference "SDWebImage" */;
			productName = SDWebImage;
		};
		16F675DB2D717CDE00C2163F /* SDWebImageMapKit */ = {
			isa = XCSwiftPackageProductDependency;
			package = 16F675D82D717CDE00C2163F /* XCRemoteSwiftPackageReference "SDWebImage" */;
			productName = SDWebImageMapKit;
		};
		16F6784F2D73078200C2163F /* CombineMoya */ = {
			isa = XCSwiftPackageProductDependency;
			package = 16F6784E2D73078200C2163F /* XCRemoteSwiftPackageReference "Moya" */;
			productName = CombineMoya;
		};
		16F678512D73078200C2163F /* Moya */ = {
			isa = XCSwiftPackageProductDependency;
			package = 16F6784E2D73078200C2163F /* XCRemoteSwiftPackageReference "Moya" */;
			productName = Moya;
		};
/* End XCSwiftPackageProductDependency section */
	};
	rootObject = 16F6755E2D70590100C2163F /* Project object */;
}
