// !$*UTF8*$!
{
	archiveVersion = 1;
	classes = {
	};
	objectVersion = 77;
	objects = {

/* Begin PBXBuildFile section */
		168ABA912D9BAD5F00B05186 /* FirebaseAuth in Frameworks */ = {isa = PBXBuildFile; productRef = 168ABA902D9BAD5F00B05186 /* FirebaseAuth */; };
		168ABA932D9BAD5F00B05186 /* FirebaseAuthCombine-Community in Frameworks */ = {isa = PBXBuildFile; productRef = 168ABA922D9BAD5F00B05186 /* FirebaseAuthCombine-Community */; };
		168ABA952D9BAD5F00B05186 /* FirebaseCore in Frameworks */ = {isa = PBXBuildFile; productRef = 168ABA942D9BAD5F00B05186 /* FirebaseCore */; };
		168ABA972D9BAD5F00B05186 /* FirebaseDynamicLinks in Frameworks */ = {isa = PBXBuildFile; productRef = 168ABA962D9BAD5F00B05186 /* FirebaseDynamicLinks */; };
		168ABA992D9BAD5F00B05186 /* FirebaseFirestore in Frameworks */ = {isa = PBXBuildFile; productRef = 168ABA982D9BAD5F00B05186 /* FirebaseFirestore */; };
		168ABA9B2D9BAD5F00B05186 /* FirebaseFirestoreCombine-Community in Frameworks */ = {isa = PBXBuildFile; productRef = 168ABA9A2D9BAD5F00B05186 /* FirebaseFirestoreCombine-Community */; };
		168ABAA92D9BB3D900B05186 /* FirebaseStorage in Frameworks */ = {isa = PBXBuildFile; productRef = 168ABAA82D9BB3D900B05186 /* FirebaseStorage */; };
		168ABAAB2D9BB3D900B05186 /* FirebaseStorageCombine-Community in Frameworks */ = {isa = PBXBuildFile; productRef = 168ABAAA2D9BB3D900B05186 /* FirebaseStorageCombine-Community */; };
		168AC0472D9F6BEB00B05186 /* GoogleService-Info.plist in Resources */ = {isa = PBXBuildFile; fileRef = 168AC0462D9F6BEB00B05186 /* GoogleService-Info.plist */; };
/* End PBXBuildFile section */

/* Begin PBXContainerItemProxy section */
		168AC0942D9FA21100B05186 /* PBXContainerItemProxy */ = {
			isa = PBXContainerItemProxy;
			containerPortal = 168ABA762D9BAC3500B05186 /* Project object */;
			proxyType = 1;
			remoteGlobalIDString = 168ABA7D2D9BAC3600B05186;
			remoteInfo = "toto-combine";
		};
/* End PBXContainerItemProxy section */

/* Begin PBXFileReference section */
		168ABA7E2D9BAC3600B05186 /* toto-combine.app */ = {isa = PBXFileReference; explicitFileType = wrapper.application; includeInIndex = 0; path = "toto-combine.app"; sourceTree = BUILT_PRODUCTS_DIR; };
		168AC0462D9F6BEB00B05186 /* GoogleService-Info.plist */ = {isa = PBXFileReference; lastKnownFileType = text.plist.xml; path = "GoogleService-Info.plist"; sourceTree = "<group>"; };
		168AC0902D9FA21100B05186 /* toto-combineTests.xctest */ = {isa = PBXFileReference; explicitFileType = wrapper.cfbundle; includeInIndex = 0; path = "toto-combineTests.xctest"; sourceTree = BUILT_PRODUCTS_DIR; };
		168AC0A12D9FA4E800B05186 /* toto-combine.xctestplan */ = {isa = PBXFileReference; lastKnownFileType = text; path = "toto-combine.xctestplan"; sourceTree = "<group>"; };
/* End PBXFileReference section */

/* Begin PBXFileSystemSynchronizedRootGroup section */
		168ABA802D9BAC3600B05186 /* toto-combine */ = {
			isa = PBXFileSystemSynchronizedRootGroup;
			path = "toto-combine";
			sourceTree = "<group>";
		};
		168AC0912D9FA21100B05186 /* toto-combineTests */ = {
			isa = PBXFileSystemSynchronizedRootGroup;
			path = "toto-combineTests";
			sourceTree = "<group>";
		};
/* End PBXFileSystemSynchronizedRootGroup section */

/* Begin PBXFrameworksBuildPhase section */
		168ABA7B2D9BAC3600B05186 /* Frameworks */ = {
			isa = PBXFrameworksBuildPhase;
			buildActionMask = 2147483647;
			files = (
				168ABA912D9BAD5F00B05186 /* FirebaseAuth in Frameworks */,
				168ABA952D9BAD5F00B05186 /* FirebaseCore in Frameworks */,
				168ABAAB2D9BB3D900B05186 /* FirebaseStorageCombine-Community in Frameworks */,
				168ABA932D9BAD5F00B05186 /* FirebaseAuthCombine-Community in Frameworks */,
				168ABA9B2D9BAD5F00B05186 /* FirebaseFirestoreCombine-Community in Frameworks */,
				168ABAA92D9BB3D900B05186 /* FirebaseStorage in Frameworks */,
				168ABA992D9BAD5F00B05186 /* FirebaseFirestore in Frameworks */,
				168ABA972D9BAD5F00B05186 /* FirebaseDynamicLinks in Frameworks */,
			);
			runOnlyForDeploymentPostprocessing = 0;
		};
		168AC08D2D9FA21100B05186 /* Frameworks */ = {
			isa = PBXFrameworksBuildPhase;
			buildActionMask = 2147483647;
			files = (
			);
			runOnlyForDeploymentPostprocessing = 0;
		};
/* End PBXFrameworksBuildPhase section */

/* Begin PBXGroup section */
		168ABA752D9BAC3500B05186 = {
			isa = PBXGroup;
			children = (
				168AC0A12D9FA4E800B05186 /* toto-combine.xctestplan */,
				168AC0462D9F6BEB00B05186 /* GoogleService-Info.plist */,
				168ABA802D9BAC3600B05186 /* toto-combine */,
				168AC0912D9FA21100B05186 /* toto-combineTests */,
				168ABA7F2D9BAC3600B05186 /* Products */,
			);
			sourceTree = "<group>";
		};
		168ABA7F2D9BAC3600B05186 /* Products */ = {
			isa = PBXGroup;
			children = (
				168ABA7E2D9BAC3600B05186 /* toto-combine.app */,
				168AC0902D9FA21100B05186 /* toto-combineTests.xctest */,
			);
			name = Products;
			sourceTree = "<group>";
		};
/* End PBXGroup section */

/* Begin PBXNativeTarget section */
		168ABA7D2D9BAC3600B05186 /* toto-combine */ = {
			isa = PBXNativeTarget;
			buildConfigurationList = 168ABA8C2D9BAC3700B05186 /* Build configuration list for PBXNativeTarget "toto-combine" */;
			buildPhases = (
				168ABA7A2D9BAC3600B05186 /* Sources */,
				168ABA7B2D9BAC3600B05186 /* Frameworks */,
				168ABA7C2D9BAC3600B05186 /* Resources */,
			);
			buildRules = (
			);
			dependencies = (
			);
			fileSystemSynchronizedGroups = (
				168ABA802D9BAC3600B05186 /* toto-combine */,
			);
			name = "toto-combine";
			packageProductDependencies = (
				168ABA902D9BAD5F00B05186 /* FirebaseAuth */,
				168ABA922D9BAD5F00B05186 /* FirebaseAuthCombine-Community */,
				168ABA942D9BAD5F00B05186 /* FirebaseCore */,
				168ABA962D9BAD5F00B05186 /* FirebaseDynamicLinks */,
				168ABA982D9BAD5F00B05186 /* FirebaseFirestore */,
				168ABA9A2D9BAD5F00B05186 /* FirebaseFirestoreCombine-Community */,
				168ABAA82D9BB3D900B05186 /* FirebaseStorage */,
				168ABAAA2D9BB3D900B05186 /* FirebaseStorageCombine-Community */,
			);
			productName = "toto-combine";
			productReference = 168ABA7E2D9BAC3600B05186 /* toto-combine.app */;
			productType = "com.apple.product-type.application";
		};
		168AC08F2D9FA21100B05186 /* toto-combineTests */ = {
			isa = PBXNativeTarget;
			buildConfigurationList = 168AC0982D9FA21100B05186 /* Build configuration list for PBXNativeTarget "toto-combineTests" */;
			buildPhases = (
				168AC08C2D9FA21100B05186 /* Sources */,
				168AC08D2D9FA21100B05186 /* Frameworks */,
				168AC08E2D9FA21100B05186 /* Resources */,
			);
			buildRules = (
			);
			dependencies = (
				168AC0952D9FA21100B05186 /* PBXTargetDependency */,
			);
			fileSystemSynchronizedGroups = (
				168AC0912D9FA21100B05186 /* toto-combineTests */,
			);
			name = "toto-combineTests";
			packageProductDependencies = (
			);
			productName = "toto-combineTests";
			productReference = 168AC0902D9FA21100B05186 /* toto-combineTests.xctest */;
			productType = "com.apple.product-type.bundle.unit-test";
		};
/* End PBXNativeTarget section */

/* Begin PBXProject section */
		168ABA762D9BAC3500B05186 /* Project object */ = {
			isa = PBXProject;
			attributes = {
				BuildIndependentTargetsInParallel = 1;
				LastSwiftUpdateCheck = 1620;
				LastUpgradeCheck = 1620;
				TargetAttributes = {
					168ABA7D2D9BAC3600B05186 = {
						CreatedOnToolsVersion = 16.2;
					};
					168AC08F2D9FA21100B05186 = {
						CreatedOnToolsVersion = 16.2;
						TestTargetID = 168ABA7D2D9BAC3600B05186;
					};
				};
			};
			buildConfigurationList = 168ABA792D9BAC3500B05186 /* Build configuration list for PBXProject "toto-combine" */;
			developmentRegion = en;
			hasScannedForEncodings = 0;
			knownRegions = (
				en,
				Base,
			);
			mainGroup = 168ABA752D9BAC3500B05186;
			minimizedProjectReferenceProxies = 1;
			packageReferences = (
				168ABA8F2D9BAD5F00B05186 /* XCRemoteSwiftPackageReference "firebase-ios-sdk" */,
			);
			preferredProjectObjectVersion = 77;
			productRefGroup = 168ABA7F2D9BAC3600B05186 /* Products */;
			projectDirPath = "";
			projectRoot = "";
			targets = (
				168ABA7D2D9BAC3600B05186 /* toto-combine */,
				168AC08F2D9FA21100B05186 /* toto-combineTests */,
			);
		};
/* End PBXProject section */

/* Begin PBXResourcesBuildPhase section */
		168ABA7C2D9BAC3600B05186 /* Resources */ = {
			isa = PBXResourcesBuildPhase;
			buildActionMask = 2147483647;
			files = (
				168AC0472D9F6BEB00B05186 /* GoogleService-Info.plist in Resources */,
			);
			runOnlyForDeploymentPostprocessing = 0;
		};
		168AC08E2D9FA21100B05186 /* Resources */ = {
			isa = PBXResourcesBuildPhase;
			buildActionMask = 2147483647;
			files = (
			);
			runOnlyForDeploymentPostprocessing = 0;
		};
/* End PBXResourcesBuildPhase section */

/* Begin PBXSourcesBuildPhase section */
		168ABA7A2D9BAC3600B05186 /* Sources */ = {
			isa = PBXSourcesBuildPhase;
			buildActionMask = 2147483647;
			files = (
			);
			runOnlyForDeploymentPostprocessing = 0;
		};
		168AC08C2D9FA21100B05186 /* Sources */ = {
			isa = PBXSourcesBuildPhase;
			buildActionMask = 2147483647;
			files = (
			);
			runOnlyForDeploymentPostprocessing = 0;
		};
/* End PBXSourcesBuildPhase section */

/* Begin PBXTargetDependency section */
		168AC0952D9FA21100B05186 /* PBXTargetDependency */ = {
			isa = PBXTargetDependency;
			target = 168ABA7D2D9BAC3600B05186 /* toto-combine */;
			targetProxy = 168AC0942D9FA21100B05186 /* PBXContainerItemProxy */;
		};
/* End PBXTargetDependency section */

/* Begin XCBuildConfiguration section */
		168ABA8A2D9BAC3700B05186 /* Debug */ = {
			isa = XCBuildConfiguration;
			buildSettings = {
				ALWAYS_SEARCH_USER_PATHS = NO;
				ASSETCATALOG_COMPILER_GENERATE_SWIFT_ASSET_SYMBOL_EXTENSIONS = YES;
				CLANG_ANALYZER_NONNULL = YES;
				CLANG_ANALYZER_NUMBER_OBJECT_CONVERSION = YES_AGGRESSIVE;
				CLANG_CXX_LANGUAGE_STANDARD = "gnu++20";
				CLANG_ENABLE_MODULES = YES;
				CLANG_ENABLE_OBJC_ARC = YES;
				CLANG_ENABLE_OBJC_WEAK = YES;
				CLANG_WARN_BLOCK_CAPTURE_AUTORELEASING = YES;
				CLANG_WARN_BOOL_CONVERSION = YES;
				CLANG_WARN_COMMA = YES;
				CLANG_WARN_CONSTANT_CONVERSION = YES;
				CLANG_WARN_DEPRECATED_OBJC_IMPLEMENTATIONS = YES;
				CLANG_WARN_DIRECT_OBJC_ISA_USAGE = YES_ERROR;
				CLANG_WARN_DOCUMENTATION_COMMENTS = YES;
				CLANG_WARN_EMPTY_BODY = YES;
				CLANG_WARN_ENUM_CONVERSION = YES;
				CLANG_WARN_INFINITE_RECURSION = YES;
				CLANG_WARN_INT_CONVERSION = YES;
				CLANG_WARN_NON_LITERAL_NULL_CONVERSION = YES;
				CLANG_WARN_OBJC_IMPLICIT_RETAIN_SELF = YES;
				CLANG_WARN_OBJC_LITERAL_CONVERSION = YES;
				CLANG_WARN_OBJC_ROOT_CLASS = YES_ERROR;
				CLANG_WARN_QUOTED_INCLUDE_IN_FRAMEWORK_HEADER = YES;
				CLANG_WARN_RANGE_LOOP_ANALYSIS = YES;
				CLANG_WARN_STRICT_PROTOTYPES = YES;
				CLANG_WARN_SUSPICIOUS_MOVE = YES;
				CLANG_WARN_UNGUARDED_AVAILABILITY = YES_AGGRESSIVE;
				CLANG_WARN_UNREACHABLE_CODE = YES;
				CLANG_WARN__DUPLICATE_METHOD_MATCH = YES;
				COPY_PHASE_STRIP = NO;
				DEBUG_INFORMATION_FORMAT = dwarf;
				ENABLE_STRICT_OBJC_MSGSEND = YES;
				ENABLE_TESTABILITY = YES;
				ENABLE_USER_SCRIPT_SANDBOXING = YES;
				GCC_C_LANGUAGE_STANDARD = gnu17;
				GCC_DYNAMIC_NO_PIC = NO;
				GCC_NO_COMMON_BLOCKS = YES;
				GCC_OPTIMIZATION_LEVEL = 0;
				GCC_PREPROCESSOR_DEFINITIONS = (
					"DEBUG=1",
					"$(inherited)",
				);
				GCC_WARN_64_TO_32_BIT_CONVERSION = YES;
				GCC_WARN_ABOUT_RETURN_TYPE = YES_ERROR;
				GCC_WARN_UNDECLARED_SELECTOR = YES;
				GCC_WARN_UNINITIALIZED_AUTOS = YES_AGGRESSIVE;
				GCC_WARN_UNUSED_FUNCTION = YES;
				GCC_WARN_UNUSED_VARIABLE = YES;
				IPHONEOS_DEPLOYMENT_TARGET = 18.2;
				LOCALIZATION_PREFERS_STRING_CATALOGS = YES;
				MTL_ENABLE_DEBUG_INFO = INCLUDE_SOURCE;
				MTL_FAST_MATH = YES;
				ONLY_ACTIVE_ARCH = YES;
				SDKROOT = iphoneos;
				SWIFT_ACTIVE_COMPILATION_CONDITIONS = "DEBUG $(inherited)";
				SWIFT_OPTIMIZATION_LEVEL = "-Onone";
			};
			name = Debug;
		};
		168ABA8B2D9BAC3700B05186 /* Release */ = {
			isa = XCBuildConfiguration;
			buildSettings = {
				ALWAYS_SEARCH_USER_PATHS = NO;
				ASSETCATALOG_COMPILER_GENERATE_SWIFT_ASSET_SYMBOL_EXTENSIONS = YES;
				CLANG_ANALYZER_NONNULL = YES;
				CLANG_ANALYZER_NUMBER_OBJECT_CONVERSION = YES_AGGRESSIVE;
				CLANG_CXX_LANGUAGE_STANDARD = "gnu++20";
				CLANG_ENABLE_MODULES = YES;
				CLANG_ENABLE_OBJC_ARC = YES;
				CLANG_ENABLE_OBJC_WEAK = YES;
				CLANG_WARN_BLOCK_CAPTURE_AUTORELEASING = YES;
				CLANG_WARN_BOOL_CONVERSION = YES;
				CLANG_WARN_COMMA = YES;
				CLANG_WARN_CONSTANT_CONVERSION = YES;
				CLANG_WARN_DEPRECATED_OBJC_IMPLEMENTATIONS = YES;
				CLANG_WARN_DIRECT_OBJC_ISA_USAGE = YES_ERROR;
				CLANG_WARN_DOCUMENTATION_COMMENTS = YES;
				CLANG_WARN_EMPTY_BODY = YES;
				CLANG_WARN_ENUM_CONVERSION = YES;
				CLANG_WARN_INFINITE_RECURSION = YES;
				CLANG_WARN_INT_CONVERSION = YES;
				CLANG_WARN_NON_LITERAL_NULL_CONVERSION = YES;
				CLANG_WARN_OBJC_IMPLICIT_RETAIN_SELF = YES;
				CLANG_WARN_OBJC_LITERAL_CONVERSION = YES;
				CLANG_WARN_OBJC_ROOT_CLASS = YES_ERROR;
				CLANG_WARN_QUOTED_INCLUDE_IN_FRAMEWORK_HEADER = YES;
				CLANG_WARN_RANGE_LOOP_ANALYSIS = YES;
				CLANG_WARN_STRICT_PROTOTYPES = YES;
				CLANG_WARN_SUSPICIOUS_MOVE = YES;
				CLANG_WARN_UNGUARDED_AVAILABILITY = YES_AGGRESSIVE;
				CLANG_WARN_UNREACHABLE_CODE = YES;
				CLANG_WARN__DUPLICATE_METHOD_MATCH = YES;
				COPY_PHASE_STRIP = NO;
				DEBUG_INFORMATION_FORMAT = "dwarf-with-dsym";
				ENABLE_NS_ASSERTIONS = NO;
				ENABLE_STRICT_OBJC_MSGSEND = YES;
				ENABLE_USER_SCRIPT_SANDBOXING = YES;
				GCC_C_LANGUAGE_STANDARD = gnu17;
				GCC_NO_COMMON_BLOCKS = YES;
				GCC_WARN_64_TO_32_BIT_CONVERSION = YES;
				GCC_WARN_ABOUT_RETURN_TYPE = YES_ERROR;
				GCC_WARN_UNDECLARED_SELECTOR = YES;
				GCC_WARN_UNINITIALIZED_AUTOS = YES_AGGRESSIVE;
				GCC_WARN_UNUSED_FUNCTION = YES;
				GCC_WARN_UNUSED_VARIABLE = YES;
				IPHONEOS_DEPLOYMENT_TARGET = 18.2;
				LOCALIZATION_PREFERS_STRING_CATALOGS = YES;
				MTL_ENABLE_DEBUG_INFO = NO;
				MTL_FAST_MATH = YES;
				SDKROOT = iphoneos;
				SWIFT_COMPILATION_MODE = wholemodule;
				VALIDATE_PRODUCT = YES;
			};
			name = Release;
		};
		168ABA8D2D9BAC3700B05186 /* Debug */ = {
			isa = XCBuildConfiguration;
			buildSettings = {
				ASSETCATALOG_COMPILER_APPICON_NAME = AppIcon;
				ASSETCATALOG_COMPILER_GLOBAL_ACCENT_COLOR_NAME = AccentColor;
				CODE_SIGN_STYLE = Automatic;
				CURRENT_PROJECT_VERSION = 1;
				DEVELOPMENT_ASSET_PATHS = "\"toto-combine/Preview Content\"";
				DEVELOPMENT_TEAM = 83K577A944;
				ENABLE_PREVIEWS = YES;
				GENERATE_INFOPLIST_FILE = YES;
				INFOPLIST_KEY_UIApplicationSceneManifest_Generation = YES;
				INFOPLIST_KEY_UIApplicationSupportsIndirectInputEvents = YES;
				INFOPLIST_KEY_UILaunchScreen_Generation = YES;
				INFOPLIST_KEY_UISupportedInterfaceOrientations_iPad = "UIInterfaceOrientationPortrait UIInterfaceOrientationPortraitUpsideDown UIInterfaceOrientationLandscapeLeft UIInterfaceOrientationLandscapeRight";
				INFOPLIST_KEY_UISupportedInterfaceOrientations_iPhone = "UIInterfaceOrientationPortrait UIInterfaceOrientationLandscapeLeft UIInterfaceOrientationLandscapeRight";
				LD_RUNPATH_SEARCH_PATHS = (
					"$(inherited)",
					"@executable_path/Frameworks",
				);
				MARKETING_VERSION = 1.0;
				PRODUCT_BUNDLE_IDENTIFIER = "com.doyeonk429.toto-combine";
				PRODUCT_NAME = "$(TARGET_NAME)";
				SWIFT_EMIT_LOC_STRINGS = YES;
				SWIFT_VERSION = 5.0;
				TARGETED_DEVICE_FAMILY = "1,2";
			};
			name = Debug;
		};
		168ABA8E2D9BAC3700B05186 /* Release */ = {
			isa = XCBuildConfiguration;
			buildSettings = {
				ASSETCATALOG_COMPILER_APPICON_NAME = AppIcon;
				ASSETCATALOG_COMPILER_GLOBAL_ACCENT_COLOR_NAME = AccentColor;
				CODE_SIGN_STYLE = Automatic;
				CURRENT_PROJECT_VERSION = 1;
				DEVELOPMENT_ASSET_PATHS = "\"toto-combine/Preview Content\"";
				DEVELOPMENT_TEAM = 83K577A944;
				ENABLE_PREVIEWS = YES;
				GENERATE_INFOPLIST_FILE = YES;
				INFOPLIST_KEY_UIApplicationSceneManifest_Generation = YES;
				INFOPLIST_KEY_UIApplicationSupportsIndirectInputEvents = YES;
				INFOPLIST_KEY_UILaunchScreen_Generation = YES;
				INFOPLIST_KEY_UISupportedInterfaceOrientations_iPad = "UIInterfaceOrientationPortrait UIInterfaceOrientationPortraitUpsideDown UIInterfaceOrientationLandscapeLeft UIInterfaceOrientationLandscapeRight";
				INFOPLIST_KEY_UISupportedInterfaceOrientations_iPhone = "UIInterfaceOrientationPortrait UIInterfaceOrientationLandscapeLeft UIInterfaceOrientationLandscapeRight";
				LD_RUNPATH_SEARCH_PATHS = (
					"$(inherited)",
					"@executable_path/Frameworks",
				);
				MARKETING_VERSION = 1.0;
				PRODUCT_BUNDLE_IDENTIFIER = "com.doyeonk429.toto-combine";
				PRODUCT_NAME = "$(TARGET_NAME)";
				SWIFT_EMIT_LOC_STRINGS = YES;
				SWIFT_VERSION = 5.0;
				TARGETED_DEVICE_FAMILY = "1,2";
			};
			name = Release;
		};
		168AC0962D9FA21100B05186 /* Debug */ = {
			isa = XCBuildConfiguration;
			buildSettings = {
				BUNDLE_LOADER = "$(TEST_HOST)";
				CODE_SIGN_STYLE = Automatic;
				CURRENT_PROJECT_VERSION = 1;
				DEVELOPMENT_TEAM = 83K577A944;
				GENERATE_INFOPLIST_FILE = YES;
				IPHONEOS_DEPLOYMENT_TARGET = 18.2;
				MACOSX_DEPLOYMENT_TARGET = 15.2;
				MARKETING_VERSION = 1.0;
				PRODUCT_BUNDLE_IDENTIFIER = "com.doyeonk429.toto-combineTests";
				PRODUCT_NAME = "$(TARGET_NAME)";
				SDKROOT = auto;
				SUPPORTED_PLATFORMS = "iphoneos iphonesimulator macosx xros xrsimulator";
				SWIFT_EMIT_LOC_STRINGS = NO;
				SWIFT_VERSION = 5.0;
				TARGETED_DEVICE_FAMILY = "1,2,7";
				TEST_HOST = "$(BUILT_PRODUCTS_DIR)/toto-combine.app/$(BUNDLE_EXECUTABLE_FOLDER_PATH)/toto-combine";
				XROS_DEPLOYMENT_TARGET = 2.2;
			};
			name = Debug;
		};
		168AC0972D9FA21100B05186 /* Release */ = {
			isa = XCBuildConfiguration;
			buildSettings = {
				BUNDLE_LOADER = "$(TEST_HOST)";
				CODE_SIGN_STYLE = Automatic;
				CURRENT_PROJECT_VERSION = 1;
				DEVELOPMENT_TEAM = 83K577A944;
				GENERATE_INFOPLIST_FILE = YES;
				IPHONEOS_DEPLOYMENT_TARGET = 18.2;
				MACOSX_DEPLOYMENT_TARGET = 15.2;
				MARKETING_VERSION = 1.0;
				PRODUCT_BUNDLE_IDENTIFIER = "com.doyeonk429.toto-combineTests";
				PRODUCT_NAME = "$(TARGET_NAME)";
				SDKROOT = auto;
				SUPPORTED_PLATFORMS = "iphoneos iphonesimulator macosx xros xrsimulator";
				SWIFT_EMIT_LOC_STRINGS = NO;
				SWIFT_VERSION = 5.0;
				TARGETED_DEVICE_FAMILY = "1,2,7";
				TEST_HOST = "$(BUILT_PRODUCTS_DIR)/toto-combine.app/$(BUNDLE_EXECUTABLE_FOLDER_PATH)/toto-combine";
				XROS_DEPLOYMENT_TARGET = 2.2;
			};
			name = Release;
		};
/* End XCBuildConfiguration section */

/* Begin XCConfigurationList section */
		168ABA792D9BAC3500B05186 /* Build configuration list for PBXProject "toto-combine" */ = {
			isa = XCConfigurationList;
			buildConfigurations = (
				168ABA8A2D9BAC3700B05186 /* Debug */,
				168ABA8B2D9BAC3700B05186 /* Release */,
			);
			defaultConfigurationIsVisible = 0;
			defaultConfigurationName = Release;
		};
		168ABA8C2D9BAC3700B05186 /* Build configuration list for PBXNativeTarget "toto-combine" */ = {
			isa = XCConfigurationList;
			buildConfigurations = (
				168ABA8D2D9BAC3700B05186 /* Debug */,
				168ABA8E2D9BAC3700B05186 /* Release */,
			);
			defaultConfigurationIsVisible = 0;
			defaultConfigurationName = Release;
		};
		168AC0982D9FA21100B05186 /* Build configuration list for PBXNativeTarget "toto-combineTests" */ = {
			isa = XCConfigurationList;
			buildConfigurations = (
				168AC0962D9FA21100B05186 /* Debug */,
				168AC0972D9FA21100B05186 /* Release */,
			);
			defaultConfigurationIsVisible = 0;
			defaultConfigurationName = Release;
		};
/* End XCConfigurationList section */

/* Begin XCRemoteSwiftPackageReference section */
		168ABA8F2D9BAD5F00B05186 /* XCRemoteSwiftPackageReference "firebase-ios-sdk" */ = {
			isa = XCRemoteSwiftPackageReference;
			repositoryURL = "https://github.com/firebase/firebase-ios-sdk";
			requirement = {
				kind = upToNextMajorVersion;
				minimumVersion = 11.11.0;
			};
		};
/* End XCRemoteSwiftPackageReference section */

/* Begin XCSwiftPackageProductDependency section */
		168ABA902D9BAD5F00B05186 /* FirebaseAuth */ = {
			isa = XCSwiftPackageProductDependency;
			package = 168ABA8F2D9BAD5F00B05186 /* XCRemoteSwiftPackageReference "firebase-ios-sdk" */;
			productName = FirebaseAuth;
		};
		168ABA922D9BAD5F00B05186 /* FirebaseAuthCombine-Community */ = {
			isa = XCSwiftPackageProductDependency;
			package = 168ABA8F2D9BAD5F00B05186 /* XCRemoteSwiftPackageReference "firebase-ios-sdk" */;
			productName = "FirebaseAuthCombine-Community";
		};
		168ABA942D9BAD5F00B05186 /* FirebaseCore */ = {
			isa = XCSwiftPackageProductDependency;
			package = 168ABA8F2D9BAD5F00B05186 /* XCRemoteSwiftPackageReference "firebase-ios-sdk" */;
			productName = FirebaseCore;
		};
		168ABA962D9BAD5F00B05186 /* FirebaseDynamicLinks */ = {
			isa = XCSwiftPackageProductDependency;
			package = 168ABA8F2D9BAD5F00B05186 /* XCRemoteSwiftPackageReference "firebase-ios-sdk" */;
			productName = FirebaseDynamicLinks;
		};
		168ABA982D9BAD5F00B05186 /* FirebaseFirestore */ = {
			isa = XCSwiftPackageProductDependency;
			package = 168ABA8F2D9BAD5F00B05186 /* XCRemoteSwiftPackageReference "firebase-ios-sdk" */;
			productName = FirebaseFirestore;
		};
		168ABA9A2D9BAD5F00B05186 /* FirebaseFirestoreCombine-Community */ = {
			isa = XCSwiftPackageProductDependency;
			package = 168ABA8F2D9BAD5F00B05186 /* XCRemoteSwiftPackageReference "firebase-ios-sdk" */;
			productName = "FirebaseFirestoreCombine-Community";
		};
		168ABAA82D9BB3D900B05186 /* FirebaseStorage */ = {
			isa = XCSwiftPackageProductDependency;
			package = 168ABA8F2D9BAD5F00B05186 /* XCRemoteSwiftPackageReference "firebase-ios-sdk" */;
			productName = FirebaseStorage;
		};
		168ABAAA2D9BB3D900B05186 /* FirebaseStorageCombine-Community */ = {
			isa = XCSwiftPackageProductDependency;
			package = 168ABA8F2D9BAD5F00B05186 /* XCRemoteSwiftPackageReference "firebase-ios-sdk" */;
			productName = "FirebaseStorageCombine-Community";
		};
/* End XCSwiftPackageProductDependency section */
	};
	rootObject = 168ABA762D9BAC3500B05186 /* Project object */;
}
